{
  "name": "windmill-public-proxy",
  "lockfileVersion": 3,
  "requires": true,
  "packages": {
    "": {
      "name": "windmill-public-proxy",
      "devDependencies": {
        "@cloudflare/workers-types": "latest"
      }
    },
    "node_modules/@cloudflare/workers-types": {
      "version": "5.20260925.1",
      "resolved": "https://registry.npmjs.org/@cloudflare/workers-types/-/workers-types-5.20260925.1.tgz",
      "integrity": "sha512-E/Z3J8CzyNk0sinBu8g/1HjMCViSxG1kd/ARL8nzieSEdqtYZmgdnhlXbi95xyc3oetTwBR/r604/EuwuP6cnQ==",
      "dev": true,
      "license": "MIT OR Apache-2.0"
    }
  }
}
