{
  "name": "windmill-mail-router",
  "lockfileVersion": 3,
  "requires": true,
  "packages": {
    "": {
      "name": "windmill-mail-router",
      "dependencies": {
        "postal-mime": "^2.4.0"
      },
      "devDependencies": {
        "@cloudflare/workers-types": "latest"
      }
    },
    "node_modules/@cloudflare/workers-types": {
      "version": "5.20260925.1",
      "resolved": "https://registry.npmjs.org/@cloudflare/workers-types/-/workers-types-5.20260925.1.tgz",
      "integrity": "sha512-E/Z3J8CzyNk0sinBu8g/1HjMCViSxG1kd/ARL8nzieSEdqtYZmgdnhlXbi95xyc3oetTwBR/r604/EuwuP6cnQ==",
      "dev": true,
      "license": "MIT OR Apache-2.0"
    },
    "node_modules/postal-mime": {
      "version": "2.7.6",
      "resolved": "https://registry.npmjs.org/postal-mime/-/postal-mime-2.7.6.tgz",
      "integrity": "sha512-UUlyE2KlxmvwMGq060onF/VWU3zD6dVW31FwokQ5v26jWd35fbs2MoTFzh+jXnPwAyV2MULMKXcBInGOl5TO6Q==",
      "license": "MIT-0"
    }
  }
}
