{
  "name": "windmill-mail-router",
  "lockfileVersion": 3,
  "requires": true,
  "packages": {
    "": {
      "name": "windmill-mail-router",
      "dependencies": {
        "postal-mime": "^4.0.0"
      },
      "devDependencies": {
        "@cloudflare/workers-types": "latest"
      }
    },
    "node_modules/@cloudflare/workers-types": {
      "version": "5.20260925.1",
      "resolved": "https://registry.npmjs.org/@cloudflare/workers-types/-/workers-types-5.20260925.1.tgz",
      "integrity": "sha512-E/Z3J8CzyNk0sinBu8g/1HjMCViSxG1kd/ARL8nzieSEdqtYZmgdnhlXbi95xyc3oetTwBR/r604/EuwuP6cnQ==",
      "dev": true,
      "license": "MIT OR Apache-2.0"
    },
    "node_modules/postal-mime": {
      "version": "4.0.5",
      "resolved": "https://registry.npmjs.org/postal-mime/-/postal-mime-4.0.5.tgz",
      "integrity": "sha512-fWu1Cmo2ef6LCwgHU1fVrqo55eyFP31F7hH0j/wMWkQYYdh+H8zz3nBf3EYRQelkmTfDrbDfTvPUQEBT8DS/jw==",
      "license": "MIT-0",
      "engines": {
        "node": ">=20"
      }
    }
  }
}
